// !$*UTF8*$!
{
	archiveVersion = 1;
	classes = {
	};
	objectVersion = 46;
	objects = {

/* Begin PBXBuildFile section */
		223DEFE71CE1813A001E8192 /* AppDelegate.swift in Sources */ = {isa = PBXBuildFile; fileRef = 223DEFE61CE1813A001E8192 /* AppDelegate.swift */; };
		223DEFEC1CE1813A001E8192 /* Main.storyboard in Resources */ = {isa = PBXBuildFile; fileRef = 223DEFEA1CE1813A001E8192 /* Main.storyboard */; };
		223DEFF11CE1813A001E8192 /* Assets.xcassets in Resources */ = {isa = PBXBuildFile; fileRef = 223DEFF01CE1813A001E8192 /* Assets.xcassets */; };
		223DEFF41CE1813A001E8192 /* LaunchScreen.storyboard in Resources */ = {isa = PBXBuildFile; fileRef = 223DEFF21CE1813A001E8192 /* LaunchScreen.storyboard */; };
		223DEFFC1CE18540001E8192 /* EntriesVC.swift in Sources */ = {isa = PBXBuildFile; fileRef = 223DEFFB1CE18540001E8192 /* EntriesVC.swift */; };
		223DEFFE1CE18557001E8192 /* DayByDayVC.swift in Sources */ = {isa = PBXBuildFile; fileRef = 223DEFFD1CE18557001E8192 /* DayByDayVC.swift */; };
		223DF0001CE1856E001E8192 /* AddOrEditVC.swift in Sources */ = {isa = PBXBuildFile; fileRef = 223DEFFF1CE1856E001E8192 /* AddOrEditVC.swift */; };
		223DF0021CE18594001E8192 /* GridCell.swift in Sources */ = {isa = PBXBuildFile; fileRef = 223DF0011CE18594001E8192 /* GridCell.swift */; };
		223DF0041CE185A4001E8192 /* ListCell.swift in Sources */ = {isa = PBXBuildFile; fileRef = 223DF0031CE185A4001E8192 /* ListCell.swift */; };
		223DF0091CE18926001E8192 /* Date+Extension.swift in Sources */ = {isa = PBXBuildFile; fileRef = 223DF0081CE18926001E8192 /* Date+Extension.swift */; };
		223DF00F1CE1AA33001E8192 /* AddEdit.storyboard in Resources */ = {isa = PBXBuildFile; fileRef = 223DF00E1CE1AA33001E8192 /* AddEdit.storyboard */; };
		223DF0121CE1AA51001E8192 /* DayByDay.storyboard in Resources */ = {isa = PBXBuildFile; fileRef = 223DF0101CE1AA51001E8192 /* DayByDay.storyboard */; };
		2266D8611CFCA6770008D8C2 /* Quotidian.xcdatamodeld in Sources */ = {isa = PBXBuildFile; fileRef = 2266D85F1CFCA6770008D8C2 /* Quotidian.xcdatamodeld */; };
		2266D8641CFCA74E0008D8C2 /* Entry+CoreDataProperties.swift in Sources */ = {isa = PBXBuildFile; fileRef = 2266D8621CFCA74E0008D8C2 /* Entry+CoreDataProperties.swift */; };
		2266D8651CFCA74E0008D8C2 /* Entry.swift in Sources */ = {isa = PBXBuildFile; fileRef = 2266D8631CFCA74E0008D8C2 /* Entry.swift */; };
		228E7F8D1CE25DFA003BF13B /* AnimationViewController.swift in Sources */ = {isa = PBXBuildFile; fileRef = 228E7F8C1CE25DFA003BF13B /* AnimationViewController.swift */; };
		228E7F8F1CE2E161003BF13B /* CoreDataManager.swift in Sources */ = {isa = PBXBuildFile; fileRef = 228E7F8E1CE2E161003BF13B /* CoreDataManager.swift */; };
		22A02D991CF8B2C500ECEFF3 /* String+Extension.swift in Sources */ = {isa = PBXBuildFile; fileRef = 22A02D981CF8B2C500ECEFF3 /* String+Extension.swift */; };
		22E9C0D21D358CC0002B31E1 /* StatsVC.swift in Sources */ = {isa = PBXBuildFile; fileRef = 22E9C0D11D358CC0002B31E1 /* StatsVC.swift */; };
		22E9C0D41D3593B7002B31E1 /* StatsContentVC.swift in Sources */ = {isa = PBXBuildFile; fileRef = 22E9C0D31D3593B7002B31E1 /* StatsContentVC.swift */; };
		22FA6E181D0E077400D859BE /* AddNewDayByDayVC.swift in Sources */ = {isa = PBXBuildFile; fileRef = 22FA6E171D0E077400D859BE /* AddNewDayByDayVC.swift */; };
		A6C6986189EB5EC65228AFAC /* Pods_Quotidian.framework in Frameworks */ = {isa = PBXBuildFile; fileRef = C8F2A91285D9FDED95EEA9AB /* Pods_Quotidian.framework */; };
/* End PBXBuildFile section */

/* Begin PBXFileReference section */
		223DEFE31CE1813A001E8192 /* Quotidian.app */ = {isa = PBXFileReference; explicitFileType = wrapper.application; includeInIndex = 0; path = Quotidian.app; sourceTree = BUILT_PRODUCTS_DIR; };
		223DEFE61CE1813A001E8192 /* AppDelegate.swift */ = {isa = PBXFileReference; lastKnownFileType = sourcecode.swift; path = AppDelegate.swift; sourceTree = "<group>"; };
		223DEFEB1CE1813A001E8192 /* Base */ = {isa = PBXFileReference; lastKnownFileType = file.storyboard; name = Base; path = Base.lproj/Main.storyboard; sourceTree = "<group>"; };
		223DEFF01CE1813A001E8192 /* Assets.xcassets */ = {isa = PBXFileReference; lastKnownFileType = folder.assetcatalog; path = Assets.xcassets; sourceTree = "<group>"; };
		223DEFF31CE1813A001E8192 /* Base */ = {isa = PBXFileReference; lastKnownFileType = file.storyboard; name = Base; path = Base.lproj/LaunchScreen.storyboard; sourceTree = "<group>"; };
		223DEFF51CE1813A001E8192 /* Info.plist */ = {isa = PBXFileReference; lastKnownFileType = text.plist.xml; path = Info.plist; sourceTree = "<group>"; };
		223DEFFB1CE18540001E8192 /* EntriesVC.swift */ = {isa = PBXFileReference; fileEncoding = 4; lastKnownFileType = sourcecode.swift; path = EntriesVC.swift; sourceTree = "<group>"; };
		223DEFFD1CE18557001E8192 /* DayByDayVC.swift */ = {isa = PBXFileReference; fileEncoding = 4; lastKnownFileType = sourcecode.swift; path = DayByDayVC.swift; sourceTree = "<group>"; };
		223DEFFF1CE1856E001E8192 /* AddOrEditVC.swift */ = {isa = PBXFileReference; fileEncoding = 4; lastKnownFileType = sourcecode.swift; path = AddOrEditVC.swift; sourceTree = "<group>"; };
		223DF0011CE18594001E8192 /* GridCell.swift */ = {isa = PBXFileReference; fileEncoding = 4; lastKnownFileType = sourcecode.swift; path = GridCell.swift; sourceTree = "<group>"; };
		223DF0031CE185A4001E8192 /* ListCell.swift */ = {isa = PBXFileReference; fileEncoding = 4; lastKnownFileType = sourcecode.swift; path = ListCell.swift; sourceTree = "<group>"; };
		223DF0081CE18926001E8192 /* Date+Extension.swift */ = {isa = PBXFileReference; fileEncoding = 4; lastKnownFileType = sourcecode.swift; path = "Date+Extension.swift"; sourceTree = "<group>"; };
		223DF00E1CE1AA33001E8192 /* AddEdit.storyboard */ = {isa = PBXFileReference; fileEncoding = 4; lastKnownFileType = file.storyboard; path = AddEdit.storyboard; sourceTree = "<group>"; };
		223DF0111CE1AA51001E8192 /* Base */ = {isa = PBXFileReference; lastKnownFileType = file.storyboard; name = Base; path = Base.lproj/DayByDay.storyboard; sourceTree = "<group>"; };
		2266D8601CFCA6770008D8C2 /* Quotidian.xcdatamodel */ = {isa = PBXFileReference; lastKnownFileType = wrapper.xcdatamodel; path = Quotidian.xcdatamodel; sourceTree = "<group>"; };
		2266D8621CFCA74E0008D8C2 /* Entry+CoreDataProperties.swift */ = {isa = PBXFileReference; fileEncoding = 4; lastKnownFileType = sourcecode.swift; name = "Entry+CoreDataProperties.swift"; path = "../Entry+CoreDataProperties.swift"; sourceTree = "<group>"; };
		2266D8631CFCA74E0008D8C2 /* Entry.swift */ = {isa = PBXFileReference; fileEncoding = 4; lastKnownFileType = sourcecode.swift; name = Entry.swift; path = ../Entry.swift; sourceTree = "<group>"; };
		228E7F8C1CE25DFA003BF13B /* AnimationViewController.swift */ = {isa = PBXFileReference; fileEncoding = 4; lastKnownFileType = sourcecode.swift; path = AnimationViewController.swift; sourceTree = "<group>"; };
		228E7F8E1CE2E161003BF13B /* CoreDataManager.swift */ = {isa = PBXFileReference; fileEncoding = 4; lastKnownFileType = sourcecode.swift; path = CoreDataManager.swift; sourceTree = "<group>"; };
		22A02D981CF8B2C500ECEFF3 /* String+Extension.swift */ = {isa = PBXFileReference; fileEncoding = 4; lastKnownFileType = sourcecode.swift; path = "String+Extension.swift"; sourceTree = "<group>"; };
		22E9C0D11D358CC0002B31E1 /* StatsVC.swift */ = {isa = PBXFileReference; fileEncoding = 4; lastKnownFileType = sourcecode.swift; path = StatsVC.swift; sourceTree = "<group>"; };
		22E9C0D31D3593B7002B31E1 /* StatsContentVC.swift */ = {isa = PBXFileReference; fileEncoding = 4; lastKnownFileType = sourcecode.swift; path = StatsContentVC.swift; sourceTree = "<group>"; };
		22FA6E171D0E077400D859BE /* AddNewDayByDayVC.swift */ = {isa = PBXFileReference; fileEncoding = 4; lastKnownFileType = sourcecode.swift; path = AddNewDayByDayVC.swift; sourceTree = "<group>"; };
		358306E25030565648FFBE60 /* Pods-Quotidian.release.xcconfig */ = {isa = PBXFileReference; includeInIndex = 1; lastKnownFileType = text.xcconfig; name = "Pods-Quotidian.release.xcconfig"; path = "Pods/Target Support Files/Pods-Quotidian/Pods-Quotidian.release.xcconfig"; sourceTree = "<group>"; };
		4CBF53C01EF481E208B459A5 /* Pods-Quotidian.debug.xcconfig */ = {isa = PBXFileReference; includeInIndex = 1; lastKnownFileType = text.xcconfig; name = "Pods-Quotidian.debug.xcconfig"; path = "Pods/Target Support Files/Pods-Quotidian/Pods-Quotidian.debug.xcconfig"; sourceTree = "<group>"; };
		C8F2A91285D9FDED95EEA9AB /* Pods_Quotidian.framework */ = {isa = PBXFileReference; explicitFileType = wrapper.framework; includeInIndex = 0; path = Pods_Quotidian.framework; sourceTree = BUILT_PRODUCTS_DIR; };
/* End PBXFileReference section */

/* Begin PBXFrameworksBuildPhase section */
		223DEFE01CE1813A001E8192 /* Frameworks */ = {
			isa = PBXFrameworksBuildPhase;
			buildActionMask = 2147483647;
			files = (
				A6C6986189EB5EC65228AFAC /* Pods_Quotidian.framework in Frameworks */,
			);
			runOnlyForDeploymentPostprocessing = 0;
		};
/* End PBXFrameworksBuildPhase section */

/* Begin PBXGroup section */
		223DEFDA1CE1813A001E8192 = {
			isa = PBXGroup;
			children = (
				223DEFE51CE1813A001E8192 /* Quotidian */,
				223DEFE41CE1813A001E8192 /* Products */,
				D29683297448F3DD80BA97FE /* Pods */,
				D25CADA391C4F66988811973 /* Frameworks */,
			);
			sourceTree = "<group>";
		};
		223DEFE41CE1813A001E8192 /* Products */ = {
			isa = PBXGroup;
			children = (
				223DEFE31CE1813A001E8192 /* Quotidian.app */,
			);
			name = Products;
			sourceTree = "<group>";
		};
		223DEFE51CE1813A001E8192 /* Quotidian */ = {
			isa = PBXGroup;
			children = (
				223DEFE61CE1813A001E8192 /* AppDelegate.swift */,
				223DEFF21CE1813A001E8192 /* LaunchScreen.storyboard */,
				223DEFEA1CE1813A001E8192 /* Main.storyboard */,
				223DF0101CE1AA51001E8192 /* DayByDay.storyboard */,
				223DF00E1CE1AA33001E8192 /* AddEdit.storyboard */,
				228E7F901CE448AB003BF13B /* Services */,
				223DF0071CE185CB001E8192 /* Model */,
				223DF0061CE185BD001E8192 /* Controllers */,
				223DF0051CE185B4001E8192 /* Views */,
				228E7F911CE448B9003BF13B /* Extensions */,
				223DEFF01CE1813A001E8192 /* Assets.xcassets */,
				223DEFF51CE1813A001E8192 /* Info.plist */,
				2266D85F1CFCA6770008D8C2 /* Quotidian.xcdatamodeld */,
			);
			name = Quotidian;
			path = DailyDiary;
			sourceTree = "<group>";
		};
		223DF0051CE185B4001E8192 /* Views */ = {
			isa = PBXGroup;
			children = (
				223DF0011CE18594001E8192 /* GridCell.swift */,
				223DF0031CE185A4001E8192 /* ListCell.swift */,
			);
			name = Views;
			sourceTree = "<group>";
		};
		223DF0061CE185BD001E8192 /* Controllers */ = {
			isa = PBXGroup;
			children = (
				228E7F8C1CE25DFA003BF13B /* AnimationViewController.swift */,
				223DEFFB1CE18540001E8192 /* EntriesVC.swift */,
				223DEFFD1CE18557001E8192 /* DayByDayVC.swift */,
				22E9C0D31D3593B7002B31E1 /* StatsContentVC.swift */,
				22E9C0D11D358CC0002B31E1 /* StatsVC.swift */,
				22FA6E171D0E077400D859BE /* AddNewDayByDayVC.swift */,
				223DEFFF1CE1856E001E8192 /* AddOrEditVC.swift */,
			);
			name = Controllers;
			sourceTree = "<group>";
		};
		223DF0071CE185CB001E8192 /* Model */ = {
			isa = PBXGroup;
			children = (
				2266D8621CFCA74E0008D8C2 /* Entry+CoreDataProperties.swift */,
				2266D8631CFCA74E0008D8C2 /* Entry.swift */,
			);
			name = Model;
			sourceTree = "<group>";
		};
		228E7F901CE448AB003BF13B /* Services */ = {
			isa = PBXGroup;
			children = (
				228E7F8E1CE2E161003BF13B /* CoreDataManager.swift */,
			);
			name = Services;
			sourceTree = "<group>";
		};
		228E7F911CE448B9003BF13B /* Extensions */ = {
			isa = PBXGroup;
			children = (
				223DF0081CE18926001E8192 /* Date+Extension.swift */,
				22A02D981CF8B2C500ECEFF3 /* String+Extension.swift */,
			);
			name = Extensions;
			sourceTree = "<group>";
		};
		D25CADA391C4F66988811973 /* Frameworks */ = {
			isa = PBXGroup;
			children = (
				C8F2A91285D9FDED95EEA9AB /* Pods_Quotidian.framework */,
			);
			name = Frameworks;
			sourceTree = "<group>";
		};
		D29683297448F3DD80BA97FE /* Pods */ = {
			isa = PBXGroup;
			children = (
				4CBF53C01EF481E208B459A5 /* Pods-Quotidian.debug.xcconfig */,
				358306E25030565648FFBE60 /* Pods-Quotidian.release.xcconfig */,
			);
			name = Pods;
			sourceTree = "<group>";
		};
/* End PBXGroup section */

/* Begin PBXNativeTarget section */
		223DEFE21CE1813A001E8192 /* Quotidian */ = {
			isa = PBXNativeTarget;
			buildConfigurationList = 223DEFF81CE1813A001E8192 /* Build configuration list for PBXNativeTarget "Quotidian" */;
			buildPhases = (
				24B5A1C3298ABFFF5B9E71F4 /* [CP] Check Pods Manifest.lock */,
				223DEFDF1CE1813A001E8192 /* Sources */,
				223DEFE01CE1813A001E8192 /* Frameworks */,
				223DEFE11CE1813A001E8192 /* Resources */,
				A4A483CFC811F0B88BA650A1 /* [CP] Embed Pods Frameworks */,
				DA98BD0FA4BC2EFC1163A774 /* [CP] Copy Pods Resources */,
			);
			buildRules = (
			);
			dependencies = (
			);
			name = Quotidian;
			productName = DailyDiary;
			productReference = 223DEFE31CE1813A001E8192 /* Quotidian.app */;
			productType = "com.apple.product-type.application";
		};
/* End PBXNativeTarget section */

/* Begin PBXProject section */
		223DEFDB1CE1813A001E8192 /* Project object */ = {
			isa = PBXProject;
			attributes = {
				LastSwiftUpdateCheck = 0730;
				LastUpgradeCheck = 0730;
				ORGANIZATIONNAME = "Sam Willsea";
				TargetAttributes = {
					223DEFE21CE1813A001E8192 = {
						CreatedOnToolsVersion = 7.3;
					};
				};
			};
			buildConfigurationList = 223DEFDE1CE1813A001E8192 /* Build configuration list for PBXProject "Quotidian" */;
			compatibilityVersion = "Xcode 3.2";
			developmentRegion = English;
			hasScannedForEncodings = 0;
			knownRegions = (
				en,
				Base,
			);
			mainGroup = 223DEFDA1CE1813A001E8192;
			productRefGroup = 223DEFE41CE1813A001E8192 /* Products */;
			projectDirPath = "";
			projectRoot = "";
			targets = (
				223DEFE21CE1813A001E8192 /* Quotidian */,
			);
		};
/* End PBXProject section */

/* Begin PBXResourcesBuildPhase section */
		223DEFE11CE1813A001E8192 /* Resources */ = {
			isa = PBXResourcesBuildPhase;
			buildActionMask = 2147483647;
			files = (
				223DF00F1CE1AA33001E8192 /* AddEdit.storyboard in Resources */,
				223DEFF41CE1813A001E8192 /* LaunchScreen.storyboard in Resources */,
				223DF0121CE1AA51001E8192 /* DayByDay.storyboard in Resources */,
				223DEFF11CE1813A001E8192 /* Assets.xcassets in Resources */,
				223DEFEC1CE1813A001E8192 /* Main.storyboard in Resources */,
			);
			runOnlyForDeploymentPostprocessing = 0;
		};
/* End PBXResourcesBuildPhase section */

/* Begin PBXShellScriptBuildPhase section */
		24B5A1C3298ABFFF5B9E71F4 /* [CP] Check Pods Manifest.lock */ = {
			isa = PBXShellScriptBuildPhase;
			buildActionMask = 2147483647;
			files = (
			);
			inputPaths = (
			);
			name = "[CP] Check Pods Manifest.lock";
			outputPaths = (
			);
			runOnlyForDeploymentPostprocessing = 0;
			shellPath = /bin/sh;
			shellScript = "diff \"${PODS_ROOT}/../Podfile.lock\" \"${PODS_ROOT}/Manifest.lock\" > /dev/null\nif [[ $? != 0 ]] ; then\n    cat << EOM\nerror: The sandbox is not in sync with the Podfile.lock. Run 'pod install' or update your CocoaPods installation.\nEOM\n    exit 1\nfi\n";
			showEnvVarsInLog = 0;
		};
		A4A483CFC811F0B88BA650A1 /* [CP] Embed Pods Frameworks */ = {
			isa = PBXShellScriptBuildPhase;
			buildActionMask = 2147483647;
			files = (
			);
			inputPaths = (
			);
			name = "[CP] Embed Pods Frameworks";
			outputPaths = (
			);
			runOnlyForDeploymentPostprocessing = 0;
			shellPath = /bin/sh;
			shellScript = "\"${SRCROOT}/Pods/Target Support Files/Pods-Quotidian/Pods-Quotidian-frameworks.sh\"\n";
			showEnvVarsInLog = 0;
		};
		DA98BD0FA4BC2EFC1163A774 /* [CP] Copy Pods Resources */ = {
			isa = PBXShellScriptBuildPhase;
			buildActionMask = 2147483647;
			files = (
			);
			inputPaths = (
			);
			name = "[CP] Copy Pods Resources";
			outputPaths = (
			);
			runOnlyForDeploymentPostprocessing = 0;
			shellPath = /bin/sh;
			shellScript = "\"${SRCROOT}/Pods/Target Support Files/Pods-Quotidian/Pods-Quotidian-resources.sh\"\n";
			showEnvVarsInLog = 0;
		};
/* End PBXShellScriptBuildPhase section */

/* Begin PBXSourcesBuildPhase section */
		223DEFDF1CE1813A001E8192 /* Sources */ = {
			isa = PBXSourcesBuildPhase;
			buildActionMask = 2147483647;
			files = (
				22FA6E181D0E077400D859BE /* AddNewDayByDayVC.swift in Sources */,
				2266D8651CFCA74E0008D8C2 /* Entry.swift in Sources */,
				22E9C0D41D3593B7002B31E1 /* StatsContentVC.swift in Sources */,
				228E7F8D1CE25DFA003BF13B /* AnimationViewController.swift in Sources */,
				223DEFE71CE1813A001E8192 /* AppDelegate.swift in Sources */,
				223DEFFC1CE18540001E8192 /* EntriesVC.swift in Sources */,
				223DF0041CE185A4001E8192 /* ListCell.swift in Sources */,
				22A02D991CF8B2C500ECEFF3 /* String+Extension.swift in Sources */,
				228E7F8F1CE2E161003BF13B /* CoreDataManager.swift in Sources */,
				223DEFFE1CE18557001E8192 /* DayByDayVC.swift in Sources */,
				2266D8641CFCA74E0008D8C2 /* Entry+CoreDataProperties.swift in Sources */,
				223DF0091CE18926001E8192 /* Date+Extension.swift in Sources */,
				22E9C0D21D358CC0002B31E1 /* StatsVC.swift in Sources */,
				223DF0001CE1856E001E8192 /* AddOrEditVC.swift in Sources */,
				2266D8611CFCA6770008D8C2 /* Quotidian.xcdatamodeld in Sources */,
				223DF0021CE18594001E8192 /* GridCell.swift in Sources */,
			);
			runOnlyForDeploymentPostprocessing = 0;
		};
/* End PBXSourcesBuildPhase section */

/* Begin PBXVariantGroup section */
		223DEFEA1CE1813A001E8192 /* Main.storyboard */ = {
			isa = PBXVariantGroup;
			children = (
				223DEFEB1CE1813A001E8192 /* Base */,
			);
			name = Main.storyboard;
			sourceTree = "<group>";
		};
		223DEFF21CE1813A001E8192 /* LaunchScreen.storyboard */ = {
			isa = PBXVariantGroup;
			children = (
				223DEFF31CE1813A001E8192 /* Base */,
			);
			name = LaunchScreen.storyboard;
			sourceTree = "<group>";
		};
		223DF0101CE1AA51001E8192 /* DayByDay.storyboard */ = {
			isa = PBXVariantGroup;
			children = (
				223DF0111CE1AA51001E8192 /* Base */,
			);
			name = DayByDay.storyboard;
			sourceTree = "<group>";
		};
/* End PBXVariantGroup section */

/* Begin XCBuildConfiguration section */
		223DEFF61CE1813A001E8192 /* Debug */ = {
			isa = XCBuildConfiguration;
			buildSettings = {
				ALWAYS_SEARCH_USER_PATHS = NO;
				CLANG_ANALYZER_NONNULL = YES;
				CLANG_CXX_LANGUAGE_STANDARD = "gnu++0x";
				CLANG_CXX_LIBRARY = "libc++";
				CLANG_ENABLE_MODULES = YES;
				CLANG_ENABLE_OBJC_ARC = YES;
				CLANG_WARN_BOOL_CONVERSION = YES;
				CLANG_WARN_CONSTANT_CONVERSION = YES;
				CLANG_WARN_DIRECT_OBJC_ISA_USAGE = YES_ERROR;
				CLANG_WARN_EMPTY_BODY = YES;
				CLANG_WARN_ENUM_CONVERSION = YES;
				CLANG_WARN_INT_CONVERSION = YES;
				CLANG_WARN_OBJC_ROOT_CLASS = YES_ERROR;
				CLANG_WARN_UNREACHABLE_CODE = YES;
				CLANG_WARN__DUPLICATE_METHOD_MATCH = YES;
				"CODE_SIGN_IDENTITY[sdk=iphoneos*]" = "iPhone Developer";
				COPY_PHASE_STRIP = NO;
				DEBUG_INFORMATION_FORMAT = dwarf;
				ENABLE_STRICT_OBJC_MSGSEND = YES;
				ENABLE_TESTABILITY = YES;
				GCC_C_LANGUAGE_STANDARD = gnu99;
				GCC_DYNAMIC_NO_PIC = NO;
				GCC_NO_COMMON_BLOCKS = YES;
				GCC_OPTIMIZATION_LEVEL = 0;
				GCC_PREPROCESSOR_DEFINITIONS = (
					"DEBUG=1",
					"$(inherited)",
				);
				GCC_WARN_64_TO_32_BIT_CONVERSION = YES;
				GCC_WARN_ABOUT_RETURN_TYPE = YES_ERROR;
				GCC_WARN_UNDECLARED_SELECTOR = YES;
				GCC_WARN_UNINITIALIZED_AUTOS = YES_AGGRESSIVE;
				GCC_WARN_UNUSED_FUNCTION = YES;
				GCC_WARN_UNUSED_VARIABLE = YES;
				IPHONEOS_DEPLOYMENT_TARGET = 9.3;
				MTL_ENABLE_DEBUG_INFO = YES;
				ONLY_ACTIVE_ARCH = YES;
				SDKROOT = iphoneos;
				SWIFT_OPTIMIZATION_LEVEL = "-Onone";
			};
			name = Debug;
		};
		223DEFF71CE1813A001E8192 /* Release */ = {
			isa = XCBuildConfiguration;
			buildSettings = {
				ALWAYS_SEARCH_USER_PATHS = NO;
				CLANG_ANALYZER_NONNULL = YES;
				CLANG_CXX_LANGUAGE_STANDARD = "gnu++0x";
				CLANG_CXX_LIBRARY = "libc++";
				CLANG_ENABLE_MODULES = YES;
				CLANG_ENABLE_OBJC_ARC = YES;
				CLANG_WARN_BOOL_CONVERSION = YES;
				CLANG_WARN_CONSTANT_CONVERSION = YES;
				CLANG_WARN_DIRECT_OBJC_ISA_USAGE = YES_ERROR;
				CLANG_WARN_EMPTY_BODY = YES;
				CLANG_WARN_ENUM_CONVERSION = YES;
				CLANG_WARN_INT_CONVERSION = YES;
				CLANG_WARN_OBJC_ROOT_CLASS = YES_ERROR;
				CLANG_WARN_UNREACHABLE_CODE = YES;
				CLANG_WARN__DUPLICATE_METHOD_MATCH = YES;
				"CODE_SIGN_IDENTITY[sdk=iphoneos*]" = "iPhone Developer";
				COPY_PHASE_STRIP = NO;
				DEBUG_INFORMATION_FORMAT = "dwarf-with-dsym";
				ENABLE_NS_ASSERTIONS = NO;
				ENABLE_STRICT_OBJC_MSGSEND = YES;
				GCC_C_LANGUAGE_STANDARD = gnu99;
				GCC_NO_COMMON_BLOCKS = YES;
				GCC_WARN_64_TO_32_BIT_CONVERSION = YES;
				GCC_WARN_ABOUT_RETURN_TYPE = YES_ERROR;
				GCC_WARN_UNDECLARED_SELECTOR = YES;
				GCC_WARN_UNINITIALIZED_AUTOS = YES_AGGRESSIVE;
				GCC_WARN_UNUSED_FUNCTION = YES;
				GCC_WARN_UNUSED_VARIABLE = YES;
				IPHONEOS_DEPLOYMENT_TARGET = 9.3;
				MTL_ENABLE_DEBUG_INFO = NO;
				SDKROOT = iphoneos;
				VALIDATE_PRODUCT = YES;
			};
			name = Release;
		};
		223DEFF91CE1813A001E8192 /* Debug */ = {
			isa = XCBuildConfiguration;
			baseConfigurationReference = 4CBF53C01EF481E208B459A5 /* Pods-Quotidian.debug.xcconfig */;
			buildSettings = {
				ASSETCATALOG_COMPILER_APPICON_NAME = AppIcon;
				INFOPLIST_FILE = DailyDiary/Info.plist;
				IPHONEOS_DEPLOYMENT_TARGET = 8.0;
				LD_RUNPATH_SEARCH_PATHS = "$(inherited) @executable_path/Frameworks";
				PRODUCT_BUNDLE_IDENTIFIER = com.samwillsea.Quotidian;
				PRODUCT_NAME = Quotidian;
			};
			name = Debug;
		};
		223DEFFA1CE1813A001E8192 /* Release */ = {
			isa = XCBuildConfiguration;
			baseConfigurationReference = 358306E25030565648FFBE60 /* Pods-Quotidian.release.xcconfig */;
			buildSettings = {
				ASSETCATALOG_COMPILER_APPICON_NAME = AppIcon;
				INFOPLIST_FILE = DailyDiary/Info.plist;
				IPHONEOS_DEPLOYMENT_TARGET = 8.0;
				LD_RUNPATH_SEARCH_PATHS = "$(inherited) @executable_path/Frameworks";
				PRODUCT_BUNDLE_IDENTIFIER = com.samwillsea.Quotidian;
				PRODUCT_NAME = Quotidian;
			};
			name = Release;
		};
/* End XCBuildConfiguration section */

/* Begin XCConfigurationList section */
		223DEFDE1CE1813A001E8192 /* Build configuration list for PBXProject "Quotidian" */ = {
			isa = XCConfigurationList;
			buildConfigurations = (
				223DEFF61CE1813A001E8192 /* Debug */,
				223DEFF71CE1813A001E8192 /* Release */,
			);
			defaultConfigurationIsVisible = 0;
			defaultConfigurationName = Release;
		};
		223DEFF81CE1813A001E8192 /* Build configuration list for PBXNativeTarget "Quotidian" */ = {
			isa = XCConfigurationList;
			buildConfigurations = (
				223DEFF91CE1813A001E8192 /* Debug */,
				223DEFFA1CE1813A001E8192 /* Release */,
			);
			defaultConfigurationIsVisible = 0;
			defaultConfigurationName = Release;
		};
/* End XCConfigurationList section */

/* Begin XCVersionGroup section */
		2266D85F1CFCA6770008D8C2 /* Quotidian.xcdatamodeld */ = {
			isa = XCVersionGroup;
			children = (
				2266D8601CFCA6770008D8C2 /* Quotidian.xcdatamodel */,
			);
			currentVersion = 2266D8601CFCA6770008D8C2 /* Quotidian.xcdatamodel */;
			path = Quotidian.xcdatamodeld;
			sourceTree = "<group>";
			versionGroupType = wrapper.xcdatamodel;
		};
/* End XCVersionGroup section */
	};
	rootObject = 223DEFDB1CE1813A001E8192 /* Project object */;
}
